# This file is autogenerated, do not edit; changes may be undone by the next 'dep ensure'.


[[projects]]
  branch = "master"
  name = "github.com/eventials/go-tus"
  packages = ["."]
  revision = "955ce834c9182d6dc499c9d3200ac72dbdd52b09"

[solve-meta]
  analyzer-name = "dep"
  analyzer-version = 1
  inputs-digest = "fb62fd6774f370541f382c3b5189fbea45ed44279aae733dafba40388a19e816"
  solver-name = "gps-cdcl"
  solver-version = 1
